{
  "name": "kgs_results_aggregator",
  "lockfileVersion": 2,
  "requires": true,
  "packages": {
    "": {
      "dependencies": {
        "datahub-querier": "^0.1.1",
        "lodcloud-querier": "^0.1.1",
        "ngraph.graph": "^19.1.0",
        "performance": "^1.4.0",
        "run-parallel": "^1.2.0"
      }
    },
    "node_modules/datahub-querier": {
      "version": "0.1.1",
      "resolved": "https://registry.npmjs.org/datahub-querier/-/datahub-querier-0.1.1.tgz",
      "integrity": "sha512-m47Jrkners8aF6/bKQB+tl8S04c8IfHWZ03dVq56ZqMgBD+HEPxb6RJFsKNBTJU8GO5EIQ03hKUiLZAXIg73Gg==",
      "dependencies": {
        "ngraph.centrality": "^2.0.1",
        "ngraph.graph": "^19.1.0",
        "ngraph.pagerank": "^2.0.0",
        "xmlhttprequest": "^1.8.0"
      }
    },
    "node_modules/dotparser": {
      "version": "0.4.0",
      "resolved": "https://registry.npmjs.org/dotparser/-/dotparser-0.4.0.tgz",
      "integrity": "sha512-l4QBA70CRa3D0Dcm+QKPJeTrmOQopxHNWhd+xupkSJh+aFtuqPEDtsBhezdtcoQJd1LaKdtrqDbxt+63kRzoLw=="
    },
    "node_modules/lodcloud-querier": {
      "version": "0.1.1",
      "resolved": "https://registry.npmjs.org/lodcloud-querier/-/lodcloud-querier-0.1.1.tgz",
      "integrity": "sha512-Cp54OXGY0MK6hUvzRhoxxuU34ckZLwTF3CB+HCN/Peshl7pDz9WfrHTcX+S9zFLq0DyuGQJYan71zRq8aTY7PQ==",
      "dependencies": {
        "ngraph.centrality": "^2.0.1",
        "ngraph.graph": "^19.1.0",
        "ngraph.pagerank": "^2.0.0",
        "xmlhttprequest": "^1.8.0"
      }
    },
    "node_modules/log": {
      "version": "1.4.0",
      "resolved": "https://registry.npmjs.org/log/-/log-1.4.0.tgz",
      "integrity": "sha1-S6HYkP3iSbAx3KA7w36q8yVlbxw=",
      "engines": {
        "node": ">= 0.2.0"
      }
    },
    "node_modules/ngraph.centrality": {
      "version": "2.0.1",
      "resolved": "https://registry.npmjs.org/ngraph.centrality/-/ngraph.centrality-2.0.1.tgz",
      "integrity": "sha512-+JyFIO0xnvURqI2SM+tWUL836Kz6cXn2yxW0wzc1vBMf3vSFL2qwASJ6ZgWG1b/dN4Lg7fSaYD9mQxbQRJocuQ=="
    },
    "node_modules/ngraph.events": {
      "version": "1.2.1",
      "resolved": "https://registry.npmjs.org/ngraph.events/-/ngraph.events-1.2.1.tgz",
      "integrity": "sha512-D4C+nXH/RFxioGXQdHu8ELDtC6EaCiNsZtih0IvyGN81OZSUby4jXoJ5+RNWasfsd0FnKxxpAROyUMzw64QNsw=="
    },
    "node_modules/ngraph.fromdot": {
      "version": "5.0.1",
      "resolved": "https://registry.npmjs.org/ngraph.fromdot/-/ngraph.fromdot-5.0.1.tgz",
      "integrity": "sha512-sUa1eWeu3EjgXx/C+uLSnwr4GtoIZLfK7fYX0FZrMb7Z7IkATqI6jZDBdh80DTYcWbpWd1aEXIkP9FdyVR+n+g==",
      "dependencies": {
        "dotparser": "^0.4.0",
        "ngraph.graph": "18.0.0"
      }
    },
    "node_modules/ngraph.fromdot/node_modules/ngraph.events": {
      "version": "0.0.3",
      "resolved": "https://registry.npmjs.org/ngraph.events/-/ngraph.events-0.0.3.tgz",
      "integrity": "sha1-OPVTFvPSB61jH/lPZiLKjywOh9A="
    },
    "node_modules/ngraph.fromdot/node_modules/ngraph.graph": {
      "version": "18.0.0",
      "resolved": "https://registry.npmjs.org/ngraph.graph/-/ngraph.graph-18.0.0.tgz",
      "integrity": "sha512-HH39PulrZrFIcO6Qw4Ts3aYqPauAV/6p2lbbtPiFZoUDAASLtfnfg4wtXohy0ZE9Ik51wUgWaZ+FfyKk/SRlzQ==",
      "dependencies": {
        "ngraph.events": "0.0.3"
      }
    },
    "node_modules/ngraph.graph": {
      "version": "19.1.0",
      "resolved": "https://registry.npmjs.org/ngraph.graph/-/ngraph.graph-19.1.0.tgz",
      "integrity": "sha512-9cws84qfPkrYa7BaBtT+KgZfLXrd6pNL9Gl5Do+MBO/0Hm6rOM7qK78MZaO1uEoIK6p2pgUs6lu29zn/6tP59w==",
      "dependencies": {
        "ngraph.events": "^1.2.1"
      }
    },
    "node_modules/ngraph.pagerank": {
      "version": "2.0.0",
      "resolved": "https://registry.npmjs.org/ngraph.pagerank/-/ngraph.pagerank-2.0.0.tgz",
      "integrity": "sha512-HWrksjxsDUf2VXuvOLGx1yj7Pjl1hMmv94m+wdCL+S6PL6Dma/uVutAgFjAGrZGTN4NtJ4ngNfroAq3e+h4k7g==",
      "dependencies": {
        "ngraph.fromdot": "^5.0.0"
      },
      "bin": {
        "pagrank": "bin/pagerank.js"
      }
    },
    "node_modules/performance": {
      "version": "1.4.0",
      "resolved": "https://registry.npmjs.org/performance/-/performance-1.4.0.tgz",
      "integrity": "sha512-0e98N5lSIe7Nuts/4MW/6D1q+c5qT74yEv/t/TneeFeGl5wgoaiDzQPSvNL/Qe5vFFRvQsqHCrv83Y4GB33Xnw==",
      "dependencies": {
        "stdio": "*",
        "testing": "*"
      },
      "bin": {
        "performance": "bin/performance.js"
      },
      "engines": {
        "node": "*"
      }
    },
    "node_modules/queue-microtask": {
      "version": "1.2.3",
      "resolved": "https://registry.npmjs.org/queue-microtask/-/queue-microtask-1.2.3.tgz",
      "integrity": "sha512-NuaNSa6flKT5JaSYQzJok04JzTL1CA6aGhv5rfLW3PgqA+M2ChpZQnAC8h8i4ZFkBS8X5RqkDBHA7r4hej3K9A==",
      "funding": [
        {
          "type": "github",
          "url": "https://github.com/sponsors/feross"
        },
        {
          "type": "patreon",
          "url": "https://www.patreon.com/feross"
        },
        {
          "type": "consulting",
          "url": "https://feross.org/support"
        }
      ]
    },
    "node_modules/run-parallel": {
      "version": "1.2.0",
      "resolved": "https://registry.npmjs.org/run-parallel/-/run-parallel-1.2.0.tgz",
      "integrity": "sha512-5l4VyZR86LZ/lDxZTR6jqL8AFE2S0IFLMP26AbjsLVADxHdhB/c0GUsH+y39UfCi3dzz8OlQuPmnaJOMoDHQBA==",
      "funding": [
        {
          "type": "github",
          "url": "https://github.com/sponsors/feross"
        },
        {
          "type": "patreon",
          "url": "https://www.patreon.com/feross"
        },
        {
          "type": "consulting",
          "url": "https://feross.org/support"
        }
      ],
      "dependencies": {
        "queue-microtask": "^1.2.2"
      }
    },
    "node_modules/stdio": {
      "version": "2.1.1",
      "resolved": "https://registry.npmjs.org/stdio/-/stdio-2.1.1.tgz",
      "integrity": "sha512-ZHO7SD10nZnc2pMN85MPPTCKutXPKH+7Z50B7zt/JRNAHXLbI3BidMc9HFD/j2VupZ8lQdSVJB0ebZSVXC6uXw=="
    },
    "node_modules/testing": {
      "version": "2.0.1",
      "resolved": "https://registry.npmjs.org/testing/-/testing-2.0.1.tgz",
      "integrity": "sha512-2zQ08tZ0fm7ziEsST6DIzIear/sz7AntmxlGsBm+1OPY1ymVzc9HGcLqLuJhwON1npQW/M2eRsukPliSSma+1Q==",
      "dependencies": {
        "log": "1.4.0"
      },
      "engines": {
        "node": ">8"
      }
    },
    "node_modules/xmlhttprequest": {
      "version": "1.8.0",
      "resolved": "https://registry.npmjs.org/xmlhttprequest/-/xmlhttprequest-1.8.0.tgz",
      "integrity": "sha1-Z/4HXFwk/vOfnWX197f+dRcZaPw=",
      "engines": {
        "node": ">=0.4.0"
      }
    }
  },
  "dependencies": {
    "datahub-querier": {
      "version": "0.1.1",
      "resolved": "https://registry.npmjs.org/datahub-querier/-/datahub-querier-0.1.1.tgz",
      "integrity": "sha512-m47Jrkners8aF6/bKQB+tl8S04c8IfHWZ03dVq56ZqMgBD+HEPxb6RJFsKNBTJU8GO5EIQ03hKUiLZAXIg73Gg==",
      "requires": {
        "ngraph.centrality": "^2.0.1",
        "ngraph.graph": "^19.1.0",
        "ngraph.pagerank": "^2.0.0",
        "xmlhttprequest": "^1.8.0"
      }
    },
    "dotparser": {
      "version": "0.4.0",
      "resolved": "https://registry.npmjs.org/dotparser/-/dotparser-0.4.0.tgz",
      "integrity": "sha512-l4QBA70CRa3D0Dcm+QKPJeTrmOQopxHNWhd+xupkSJh+aFtuqPEDtsBhezdtcoQJd1LaKdtrqDbxt+63kRzoLw=="
    },
    "lodcloud-querier": {
      "version": "0.1.1",
      "resolved": "https://registry.npmjs.org/lodcloud-querier/-/lodcloud-querier-0.1.1.tgz",
      "integrity": "sha512-Cp54OXGY0MK6hUvzRhoxxuU34ckZLwTF3CB+HCN/Peshl7pDz9WfrHTcX+S9zFLq0DyuGQJYan71zRq8aTY7PQ==",
      "requires": {
        "ngraph.centrality": "^2.0.1",
        "ngraph.graph": "^19.1.0",
        "ngraph.pagerank": "^2.0.0",
        "xmlhttprequest": "^1.8.0"
      }
    },
    "log": {
      "version": "1.4.0",
      "resolved": "https://registry.npmjs.org/log/-/log-1.4.0.tgz",
      "integrity": "sha1-S6HYkP3iSbAx3KA7w36q8yVlbxw="
    },
    "ngraph.centrality": {
      "version": "2.0.1",
      "resolved": "https://registry.npmjs.org/ngraph.centrality/-/ngraph.centrality-2.0.1.tgz",
      "integrity": "sha512-+JyFIO0xnvURqI2SM+tWUL836Kz6cXn2yxW0wzc1vBMf3vSFL2qwASJ6ZgWG1b/dN4Lg7fSaYD9mQxbQRJocuQ=="
    },
    "ngraph.events": {
      "version": "1.2.1",
      "resolved": "https://registry.npmjs.org/ngraph.events/-/ngraph.events-1.2.1.tgz",
      "integrity": "sha512-D4C+nXH/RFxioGXQdHu8ELDtC6EaCiNsZtih0IvyGN81OZSUby4jXoJ5+RNWasfsd0FnKxxpAROyUMzw64QNsw=="
    },
    "ngraph.fromdot": {
      "version": "5.0.1",
      "resolved": "https://registry.npmjs.org/ngraph.fromdot/-/ngraph.fromdot-5.0.1.tgz",
      "integrity": "sha512-sUa1eWeu3EjgXx/C+uLSnwr4GtoIZLfK7fYX0FZrMb7Z7IkATqI6jZDBdh80DTYcWbpWd1aEXIkP9FdyVR+n+g==",
      "requires": {
        "dotparser": "^0.4.0",
        "ngraph.graph": "18.0.0"
      },
      "dependencies": {
        "ngraph.events": {
          "version": "0.0.3",
          "resolved": "https://registry.npmjs.org/ngraph.events/-/ngraph.events-0.0.3.tgz",
          "integrity": "sha1-OPVTFvPSB61jH/lPZiLKjywOh9A="
        },
        "ngraph.graph": {
          "version": "18.0.0",
          "resolved": "https://registry.npmjs.org/ngraph.graph/-/ngraph.graph-18.0.0.tgz",
          "integrity": "sha512-HH39PulrZrFIcO6Qw4Ts3aYqPauAV/6p2lbbtPiFZoUDAASLtfnfg4wtXohy0ZE9Ik51wUgWaZ+FfyKk/SRlzQ==",
          "requires": {
            "ngraph.events": "0.0.3"
          }
        }
      }
    },
    "ngraph.graph": {
      "version": "19.1.0",
      "resolved": "https://registry.npmjs.org/ngraph.graph/-/ngraph.graph-19.1.0.tgz",
      "integrity": "sha512-9cws84qfPkrYa7BaBtT+KgZfLXrd6pNL9Gl5Do+MBO/0Hm6rOM7qK78MZaO1uEoIK6p2pgUs6lu29zn/6tP59w==",
      "requires": {
        "ngraph.events": "^1.2.1"
      }
    },
    "ngraph.pagerank": {
      "version": "2.0.0",
      "resolved": "https://registry.npmjs.org/ngraph.pagerank/-/ngraph.pagerank-2.0.0.tgz",
      "integrity": "sha512-HWrksjxsDUf2VXuvOLGx1yj7Pjl1hMmv94m+wdCL+S6PL6Dma/uVutAgFjAGrZGTN4NtJ4ngNfroAq3e+h4k7g==",
      "requires": {
        "ngraph.fromdot": "^5.0.0"
      }
    },
    "performance": {
      "version": "1.4.0",
      "resolved": "https://registry.npmjs.org/performance/-/performance-1.4.0.tgz",
      "integrity": "sha512-0e98N5lSIe7Nuts/4MW/6D1q+c5qT74yEv/t/TneeFeGl5wgoaiDzQPSvNL/Qe5vFFRvQsqHCrv83Y4GB33Xnw==",
      "requires": {
        "stdio": "*",
        "testing": "*"
      }
    },
    "queue-microtask": {
      "version": "1.2.3",
      "resolved": "https://registry.npmjs.org/queue-microtask/-/queue-microtask-1.2.3.tgz",
      "integrity": "sha512-NuaNSa6flKT5JaSYQzJok04JzTL1CA6aGhv5rfLW3PgqA+M2ChpZQnAC8h8i4ZFkBS8X5RqkDBHA7r4hej3K9A=="
    },
    "run-parallel": {
      "version": "1.2.0",
      "resolved": "https://registry.npmjs.org/run-parallel/-/run-parallel-1.2.0.tgz",
      "integrity": "sha512-5l4VyZR86LZ/lDxZTR6jqL8AFE2S0IFLMP26AbjsLVADxHdhB/c0GUsH+y39UfCi3dzz8OlQuPmnaJOMoDHQBA==",
      "requires": {
        "queue-microtask": "^1.2.2"
      }
    },
    "stdio": {
      "version": "2.1.1",
      "resolved": "https://registry.npmjs.org/stdio/-/stdio-2.1.1.tgz",
      "integrity": "sha512-ZHO7SD10nZnc2pMN85MPPTCKutXPKH+7Z50B7zt/JRNAHXLbI3BidMc9HFD/j2VupZ8lQdSVJB0ebZSVXC6uXw=="
    },
    "testing": {
      "version": "2.0.1",
      "resolved": "https://registry.npmjs.org/testing/-/testing-2.0.1.tgz",
      "integrity": "sha512-2zQ08tZ0fm7ziEsST6DIzIear/sz7AntmxlGsBm+1OPY1ymVzc9HGcLqLuJhwON1npQW/M2eRsukPliSSma+1Q==",
      "requires": {
        "log": "1.4.0"
      }
    },
    "xmlhttprequest": {
      "version": "1.8.0",
      "resolved": "https://registry.npmjs.org/xmlhttprequest/-/xmlhttprequest-1.8.0.tgz",
      "integrity": "sha1-Z/4HXFwk/vOfnWX197f+dRcZaPw="
    }
  }
}
